{
  "name": "baiyuan-cloudflare-build-root",
  "lockfileVersion": 3,
  "requires": true,
  "packages": {
    "": {
      "name": "baiyuan-cloudflare-build-root",
      "workspaces": [
        "10_地球仪Dashboard"
      ]
    },
    "10_地球仪Dashboard": {
      "name": "baiyuan-antarctic-globe",
      "version": "1.0.0",
      "dependencies": {
        "@fontsource-variable/noto-sans-sc": "^5.2.10",
        "@fontsource-variable/noto-serif-sc": "^5.2.10",
        "@fontsource/ibm-plex-mono": "^5.2.7",
        "@supabase/supabase-js": "^2.110.8",
        "three": "^0.178.0",
        "three-globe": "^2.45.0",
        "topojson-client": "^3.1.0",
        "world-atlas": "^2.0.2"
      },
      "devDependencies": {
        "pixelmatch": "^7.2.0",
        "pngjs": "^7.0.0",
        "puppeteer-core": "^25.3.0",
        "vite": "^7.0.4"
      }
    },
    "10_地球仪Dashboard/node_modules/@esbuild/win32-x64": {
      "version": "0.28.1",
      "cpu": [
        "x64"
      ],
      "dev": true,
      "license": "MIT",
      "optional": true,
      "os": [
        "win32"
      ],
      "engines": {
        "node": ">=18"
      }
    },
    "10_地球仪Dashboard/node_modules/@fontsource-variable/noto-sans-sc": {
      "version": "5.2.10",
      "license": "OFL-1.1",
      "funding": {
        "url": "https://github.com/sponsors/ayuhito"
      }
    },
    "10_地球仪Dashboard/node_modules/@fontsource-variable/noto-serif-sc": {
      "version": "5.2.10",
      "license": "OFL-1.1",
      "funding": {
        "url": "https://github.com/sponsors/ayuhito"
      }
    },
    "10_地球仪Dashboard/node_modules/@fontsource/ibm-plex-mono": {
      "version": "5.2.7",
      "license": "OFL-1.1",
      "funding": {
        "url": "https://github.com/sponsors/ayuhito"
      }
    },
    "10_地球仪Dashboard/node_modules/@puppeteer/browsers": {
      "version": "3.0.6",
      "dev": true,
      "license": "Apache-2.0",
      "dependencies": {
        "modern-tar": "^0.7.6",
        "yargs": "^18.0.0"
      },
      "bin": {
        "browsers": "lib/main-cli.js"
      },
      "engines": {
        "node": ">=22.12.0"
      },
      "peerDependencies": {
        "proxy-agent": ">=8.0.1",
        "yauzl": "^2.10.0 || ^3.4.0"
      },
      "peerDependenciesMeta": {
        "proxy-agent": {
          "optional": true
        },
        "yauzl": {
          "optional": true
        }
      }
    },
    "10_地球仪Dashboard/node_modules/@rollup/rollup-win32-x64-gnu": {
      "version": "4.62.2",
      "cpu": [
        "x64"
      ],
      "dev": true,
      "license": "MIT",
      "optional": true,
      "os": [
        "win32"
      ]
    },
    "10_地球仪Dashboard/node_modules/@rollup/rollup-win32-x64-msvc": {
      "version": "4.62.2",
      "cpu": [
        "x64"
      ],
      "dev": true,
      "license": "MIT",
      "optional": true,
      "os": [
        "win32"
      ]
    },
    "10_地球仪Dashboard/node_modules/@supabase/auth-js": {
      "version": "2.110.8",
      "license": "MIT",
      "dependencies": {
        "tslib": "2.8.1"
      },
      "engines": {
        "node": ">=22.0.0"
      }
    },
    "10_地球仪Dashboard/node_modules/@supabase/functions-js": {
      "version": "2.110.8",
      "license": "MIT",
      "dependencies": {
        "tslib": "2.8.1"
      },
      "engines": {
        "node": ">=22.0.0"
      }
    },
    "10_地球仪Dashboard/node_modules/@supabase/phoenix": {
      "version": "0.4.5",
      "license": "MIT"
    },
    "10_地球仪Dashboard/node_modules/@supabase/postgrest-js": {
      "version": "2.110.8",
      "license": "MIT",
      "dependencies": {
        "tslib": "2.8.1"
      },
      "engines": {
        "node": ">=22.0.0"
      }
    },
    "10_地球仪Dashboard/node_modules/@supabase/realtime-js": {
      "version": "2.110.8",
      "license": "MIT",
      "dependencies": {
        "@supabase/phoenix": "0.4.5",
        "tslib": "2.8.1"
      },
      "engines": {
        "node": ">=22.0.0"
      }
    },
    "10_地球仪Dashboard/node_modules/@supabase/storage-js": {
      "version": "2.110.8",
      "license": "MIT",
      "dependencies": {
        "iceberg-js": "^0.8.1",
        "tslib": "2.8.1"
      },
      "engines": {
        "node": ">=22.0.0"
      }
    },
    "10_地球仪Dashboard/node_modules/@supabase/supabase-js": {
      "version": "2.110.8",
      "license": "MIT",
      "dependencies": {
        "@supabase/auth-js": "2.110.8",
        "@supabase/functions-js": "2.110.8",
        "@supabase/postgrest-js": "2.110.8",
        "@supabase/realtime-js": "2.110.8",
        "@supabase/storage-js": "2.110.8"
      },
      "engines": {
        "node": ">=22.0.0"
      }
    },
    "10_地球仪Dashboard/node_modules/@turf/boolean-point-in-polygon": {
      "version": "7.3.5",
      "license": "MIT",
      "dependencies": {
        "@turf/helpers": "7.3.5",
        "@turf/invariant": "7.3.5",
        "@types/geojson": "^7946.0.10",
        "point-in-polygon-hao": "^1.1.0",
        "tslib": "^2.8.1"
      },
      "funding": {
        "url": "https://opencollective.com/turf"
      }
    },
    "10_地球仪Dashboard/node_modules/@turf/helpers": {
      "version": "7.3.5",
      "license": "MIT",
      "dependencies": {
        "@types/geojson": "^7946.0.10",
        "tslib": "^2.8.1"
      },
      "funding": {
        "url": "https://opencollective.com/turf"
      }
    },
    "10_地球仪Dashboard/node_modules/@turf/invariant": {
      "version": "7.3.5",
      "license": "MIT",
      "dependencies": {
        "@turf/helpers": "7.3.5",
        "@types/geojson": "^7946.0.10",
        "tslib": "^2.8.1"
      },
      "funding": {
        "url": "https://opencollective.com/turf"
      }
    },
    "10_地球仪Dashboard/node_modules/@tweenjs/tween.js": {
      "version": "25.0.0",
      "license": "MIT"
    },
    "10_地球仪Dashboard/node_modules/@types/estree": {
      "version": "1.0.9",
      "dev": true,
      "license": "MIT"
    },
    "10_地球仪Dashboard/node_modules/@types/geojson": {
      "version": "7946.0.16",
      "license": "MIT"
    },
    "10_地球仪Dashboard/node_modules/accessor-fn": {
      "version": "1.5.3",
      "license": "MIT",
      "engines": {
        "node": ">=12"
      }
    },
    "10_地球仪Dashboard/node_modules/ansi-regex": {
      "version": "6.2.2",
      "dev": true,
      "license": "MIT",
      "engines": {
        "node": ">=12"
      },
      "funding": {
        "url": "https://github.com/chalk/ansi-regex?sponsor=1"
      }
    },
    "10_地球仪Dashboard/node_modules/ansi-styles": {
      "version": "6.2.3",
      "dev": true,
      "license": "MIT",
      "engines": {
        "node": ">=12"
      },
      "funding": {
        "url": "https://github.com/chalk/ansi-styles?sponsor=1"
      }
    },
    "10_地球仪Dashboard/node_modules/chromium-bidi": {
      "version": "16.0.1",
      "dev": true,
      "license": "Apache-2.0",
      "dependencies": {
        "mitt": "^3.0.1",
        "zod": "^3.24.1"
      },
      "engines": {
        "node": ">=20.19.0 <22.0.0 || >=22.12.0"
      },
      "peerDependencies": {
        "devtools-protocol": "*"
      }
    },
    "10_地球仪Dashboard/node_modules/cliui": {
      "version": "9.0.1",
      "dev": true,
      "license": "ISC",
      "dependencies": {
        "string-width": "^7.2.0",
        "strip-ansi": "^7.1.0",
        "wrap-ansi": "^9.0.0"
      },
      "engines": {
        "node": ">=20"
      }
    },
    "10_地球仪Dashboard/node_modules/commander": {
      "version": "2.20.3",
      "license": "MIT"
    },
    "10_地球仪Dashboard/node_modules/d3-array": {
      "version": "3.2.4",
      "license": "ISC",
      "dependencies": {
        "internmap": "1 - 2"
      },
      "engines": {
        "node": ">=12"
      }
    },
    "10_地球仪Dashboard/node_modules/d3-color": {
      "version": "3.1.0",
      "license": "ISC",
      "engines": {
        "node": ">=12"
      }
    },
    "10_地球仪Dashboard/node_modules/d3-delaunay": {
      "version": "6.0.4",
      "license": "ISC",
      "dependencies": {
        "delaunator": "5"
      },
      "engines": {
        "node": ">=12"
      }
    },
    "10_地球仪Dashboard/node_modules/d3-format": {
      "version": "3.1.2",
      "license": "ISC",
      "engines": {
        "node": ">=12"
      }
    },
    "10_地球仪Dashboard/node_modules/d3-geo": {
      "version": "3.1.1",
      "license": "ISC",
      "dependencies": {
        "d3-array": "2.5.0 - 3"
      },
      "engines": {
        "node": ">=12"
      }
    },
    "10_地球仪Dashboard/node_modules/d3-geo-voronoi": {
      "version": "2.1.0",
      "license": "ISC",
      "dependencies": {
        "d3-array": "3",
        "d3-delaunay": "6",
        "d3-geo": "3",
        "d3-tricontour": "1"
      },
      "engines": {
        "node": ">=12"
      }
    },
    "10_地球仪Dashboard/node_modules/d3-interpolate": {
      "version": "3.0.1",
      "license": "ISC",
      "dependencies": {
        "d3-color": "1 - 3"
      },
      "engines": {
        "node": ">=12"
      }
    },
    "10_地球仪Dashboard/node_modules/d3-octree": {
      "version": "1.1.0",
      "license": "MIT"
    },
    "10_地球仪Dashboard/node_modules/d3-scale": {
      "version": "4.0.2",
      "license": "ISC",
      "dependencies": {
        "d3-array": "2.10.0 - 3",
        "d3-format": "1 - 3",
        "d3-interpolate": "1.2.0 - 3",
        "d3-time": "2.1.1 - 3",
        "d3-time-format": "2 - 4"
      },
      "engines": {
        "node": ">=12"
      }
    },
    "10_地球仪Dashboard/node_modules/d3-scale-chromatic": {
      "version": "3.1.0",
      "license": "ISC",
      "dependencies": {
        "d3-color": "1 - 3",
        "d3-interpolate": "1 - 3"
      },
      "engines": {
        "node": ">=12"
      }
    },
    "10_地球仪Dashboard/node_modules/d3-time": {
      "version": "3.1.0",
      "license": "ISC",
      "dependencies": {
        "d3-array": "2 - 3"
      },
      "engines": {
        "node": ">=12"
      }
    },
    "10_地球仪Dashboard/node_modules/d3-time-format": {
      "version": "4.1.0",
      "license": "ISC",
      "dependencies": {
        "d3-time": "1 - 3"
      },
      "engines": {
        "node": ">=12"
      }
    },
    "10_地球仪Dashboard/node_modules/d3-tricontour": {
      "version": "1.1.0",
      "license": "ISC",
      "dependencies": {
        "d3-delaunay": "6",
        "d3-scale": "4"
      },
      "engines": {
        "node": ">=12"
      }
    },
    "10_地球仪Dashboard/node_modules/data-bind-mapper": {
      "version": "1.0.3",
      "license": "MIT",
      "dependencies": {
        "accessor-fn": "1"
      },
      "engines": {
        "node": ">=12"
      }
    },
    "10_地球仪Dashboard/node_modules/delaunator": {
      "version": "5.1.0",
      "license": "ISC",
      "dependencies": {
        "robust-predicates": "^3.0.2"
      }
    },
    "10_地球仪Dashboard/node_modules/devtools-protocol": {
      "version": "0.0.1638949",
      "dev": true,
      "license": "BSD-3-Clause"
    },
    "10_地球仪Dashboard/node_modules/earcut": {
      "version": "3.2.3",
      "license": "ISC"
    },
    "10_地球仪Dashboard/node_modules/emoji-regex": {
      "version": "10.6.0",
      "dev": true,
      "license": "MIT"
    },
    "10_地球仪Dashboard/node_modules/esbuild": {
      "version": "0.28.1",
      "dev": true,
      "hasInstallScript": true,
      "license": "MIT",
      "bin": {
        "esbuild": "bin/esbuild"
      },
      "engines": {
        "node": ">=18"
      },
      "optionalDependencies": {
        "@esbuild/aix-ppc64": "0.28.1",
        "@esbuild/android-arm": "0.28.1",
        "@esbuild/android-arm64": "0.28.1",
        "@esbuild/android-x64": "0.28.1",
        "@esbuild/darwin-arm64": "0.28.1",
        "@esbuild/darwin-x64": "0.28.1",
        "@esbuild/freebsd-arm64": "0.28.1",
        "@esbuild/freebsd-x64": "0.28.1",
        "@esbuild/linux-arm": "0.28.1",
        "@esbuild/linux-arm64": "0.28.1",
        "@esbuild/linux-ia32": "0.28.1",
        "@esbuild/linux-loong64": "0.28.1",
        "@esbuild/linux-mips64el": "0.28.1",
        "@esbuild/linux-ppc64": "0.28.1",
        "@esbuild/linux-riscv64": "0.28.1",
        "@esbuild/linux-s390x": "0.28.1",
        "@esbuild/linux-x64": "0.28.1",
        "@esbuild/netbsd-arm64": "0.28.1",
        "@esbuild/netbsd-x64": "0.28.1",
        "@esbuild/openbsd-arm64": "0.28.1",
        "@esbuild/openbsd-x64": "0.28.1",
        "@esbuild/openharmony-arm64": "0.28.1",
        "@esbuild/sunos-x64": "0.28.1",
        "@esbuild/win32-arm64": "0.28.1",
        "@esbuild/win32-ia32": "0.28.1",
        "@esbuild/win32-x64": "0.28.1"
      }
    },
    "10_地球仪Dashboard/node_modules/escalade": {
      "version": "3.2.0",
      "dev": true,
      "license": "MIT",
      "engines": {
        "node": ">=6"
      }
    },
    "10_地球仪Dashboard/node_modules/fdir": {
      "version": "6.5.0",
      "dev": true,
      "license": "MIT",
      "engines": {
        "node": ">=12.0.0"
      },
      "peerDependencies": {
        "picomatch": "^3 || ^4"
      },
      "peerDependenciesMeta": {
        "picomatch": {
          "optional": true
        }
      }
    },
    "10_地球仪Dashboard/node_modules/frame-ticker": {
      "version": "1.0.3",
      "license": "MIT",
      "dependencies": {
        "simplesignal": "^2.1.6"
      }
    },
    "10_地球仪Dashboard/node_modules/get-caller-file": {
      "version": "2.0.5",
      "dev": true,
      "license": "ISC",
      "engines": {
        "node": "6.* || 8.* || >= 10.*"
      }
    },
    "10_地球仪Dashboard/node_modules/get-east-asian-width": {
      "version": "1.6.0",
      "dev": true,
      "license": "MIT",
      "engines": {
        "node": ">=18"
      },
      "funding": {
        "url": "https://github.com/sponsors/sindresorhus"
      }
    },
    "10_地球仪Dashboard/node_modules/h3-js": {
      "version": "4.5.0",
      "license": "Apache-2.0",
      "engines": {
        "node": ">=4",
        "npm": ">=3",
        "yarn": ">=1.3.0"
      }
    },
    "10_地球仪Dashboard/node_modules/iceberg-js": {
      "version": "0.8.1",
      "license": "MIT",
      "engines": {
        "node": ">=20.0.0"
      }
    },
    "10_地球仪Dashboard/node_modules/index-array-by": {
      "version": "1.4.2",
      "license": "MIT",
      "engines": {
        "node": ">=12"
      }
    },
    "10_地球仪Dashboard/node_modules/internmap": {
      "version": "2.0.3",
      "license": "ISC",
      "engines": {
        "node": ">=12"
      }
    },
    "10_地球仪Dashboard/node_modules/kapsule": {
      "version": "1.16.3",
      "license": "MIT",
      "dependencies": {
        "lodash-es": "4"
      },
      "engines": {
        "node": ">=12"
      }
    },
    "10_地球仪Dashboard/node_modules/lodash-es": {
      "version": "4.18.1",
      "license": "MIT"
    },
    "10_地球仪Dashboard/node_modules/mitt": {
      "version": "3.0.1",
      "dev": true,
      "license": "MIT"
    },
    "10_地球仪Dashboard/node_modules/modern-tar": {
      "version": "0.7.7",
      "dev": true,
      "license": "MIT",
      "engines": {
        "node": ">=18.0.0"
      }
    },
    "10_地球仪Dashboard/node_modules/nanoid": {
      "version": "3.3.15",
      "dev": true,
      "funding": [
        {
          "type": "github",
          "url": "https://github.com/sponsors/ai"
        }
      ],
      "license": "MIT",
      "bin": {
        "nanoid": "bin/nanoid.cjs"
      },
      "engines": {
        "node": "^10 || ^12 || ^13.7 || ^14 || >=15.0.1"
      }
    },
    "10_地球仪Dashboard/node_modules/picocolors": {
      "version": "1.1.1",
      "dev": true,
      "license": "ISC"
    },
    "10_地球仪Dashboard/node_modules/picomatch": {
      "version": "4.0.5",
      "dev": true,
      "license": "MIT",
      "engines": {
        "node": ">=12"
      },
      "funding": {
        "url": "https://github.com/sponsors/jonschlinkert"
      }
    },
    "10_地球仪Dashboard/node_modules/pixelmatch": {
      "version": "7.2.0",
      "dev": true,
      "license": "ISC",
      "dependencies": {
        "pngjs": "^7.0.0"
      },
      "bin": {
        "pixelmatch": "bin/pixelmatch"
      }
    },
    "10_地球仪Dashboard/node_modules/pngjs": {
      "version": "7.0.0",
      "dev": true,
      "license": "MIT",
      "engines": {
        "node": ">=14.19.0"
      }
    },
    "10_地球仪Dashboard/node_modules/point-in-polygon-hao": {
      "version": "1.2.4",
      "license": "MIT",
      "dependencies": {
        "robust-predicates": "^3.0.2"
      }
    },
    "10_地球仪Dashboard/node_modules/postcss": {
      "version": "8.5.16",
      "dev": true,
      "funding": [
        {
          "type": "opencollective",
          "url": "https://opencollective.com/postcss/"
        },
        {
          "type": "tidelift",
          "url": "https://tidelift.com/funding/github/npm/postcss"
        },
        {
          "type": "github",
          "url": "https://github.com/sponsors/ai"
        }
      ],
      "license": "MIT",
      "dependencies": {
        "nanoid": "^3.3.12",
        "picocolors": "^1.1.1",
        "source-map-js": "^1.2.1"
      },
      "engines": {
        "node": "^10 || ^12 || >=14"
      }
    },
    "10_地球仪Dashboard/node_modules/puppeteer-core": {
      "version": "25.3.0",
      "dev": true,
      "license": "Apache-2.0",
      "dependencies": {
        "@puppeteer/browsers": "3.0.6",
        "chromium-bidi": "16.0.1",
        "devtools-protocol": "0.0.1638949",
        "typed-query-selector": "^2.12.2",
        "webdriver-bidi-protocol": "0.4.2",
        "ws": "^8.21.0"
      },
      "engines": {
        "node": ">=22.12.0"
      }
    },
    "10_地球仪Dashboard/node_modules/robust-predicates": {
      "version": "3.0.3",
      "license": "Unlicense"
    },
    "10_地球仪Dashboard/node_modules/rollup": {
      "version": "4.62.2",
      "dev": true,
      "license": "MIT",
      "dependencies": {
        "@types/estree": "1.0.9"
      },
      "bin": {
        "rollup": "dist/bin/rollup"
      },
      "engines": {
        "node": ">=18.0.0",
        "npm": ">=8.0.0"
      },
      "optionalDependencies": {
        "@rollup/rollup-android-arm-eabi": "4.62.2",
        "@rollup/rollup-android-arm64": "4.62.2",
        "@rollup/rollup-darwin-arm64": "4.62.2",
        "@rollup/rollup-darwin-x64": "4.62.2",
        "@rollup/rollup-freebsd-arm64": "4.62.2",
        "@rollup/rollup-freebsd-x64": "4.62.2",
        "@rollup/rollup-linux-arm-gnueabihf": "4.62.2",
        "@rollup/rollup-linux-arm-musleabihf": "4.62.2",
        "@rollup/rollup-linux-arm64-gnu": "4.62.2",
        "@rollup/rollup-linux-arm64-musl": "4.62.2",
        "@rollup/rollup-linux-loong64-gnu": "4.62.2",
        "@rollup/rollup-linux-loong64-musl": "4.62.2",
        "@rollup/rollup-linux-ppc64-gnu": "4.62.2",
        "@rollup/rollup-linux-ppc64-musl": "4.62.2",
        "@rollup/rollup-linux-riscv64-gnu": "4.62.2",
        "@rollup/rollup-linux-riscv64-musl": "4.62.2",
        "@rollup/rollup-linux-s390x-gnu": "4.62.2",
        "@rollup/rollup-linux-x64-gnu": "4.62.2",
        "@rollup/rollup-linux-x64-musl": "4.62.2",
        "@rollup/rollup-openbsd-x64": "4.62.2",
        "@rollup/rollup-openharmony-arm64": "4.62.2",
        "@rollup/rollup-win32-arm64-msvc": "4.62.2",
        "@rollup/rollup-win32-ia32-msvc": "4.62.2",
        "@rollup/rollup-win32-x64-gnu": "4.62.2",
        "@rollup/rollup-win32-x64-msvc": "4.62.2",
        "fsevents": "~2.3.2"
      }
    },
    "10_地球仪Dashboard/node_modules/simplesignal": {
      "version": "2.1.7",
      "license": "MIT"
    },
    "10_地球仪Dashboard/node_modules/source-map-js": {
      "version": "1.2.1",
      "dev": true,
      "license": "BSD-3-Clause",
      "engines": {
        "node": ">=0.10.0"
      }
    },
    "10_地球仪Dashboard/node_modules/string-width": {
      "version": "7.2.0",
      "dev": true,
      "license": "MIT",
      "dependencies": {
        "emoji-regex": "^10.3.0",
        "get-east-asian-width": "^1.0.0",
        "strip-ansi": "^7.1.0"
      },
      "engines": {
        "node": ">=18"
      },
      "funding": {
        "url": "https://github.com/sponsors/sindresorhus"
      }
    },
    "10_地球仪Dashboard/node_modules/strip-ansi": {
      "version": "7.2.0",
      "dev": true,
      "license": "MIT",
      "dependencies": {
        "ansi-regex": "^6.2.2"
      },
      "engines": {
        "node": ">=12"
      },
      "funding": {
        "url": "https://github.com/chalk/strip-ansi?sponsor=1"
      }
    },
    "10_地球仪Dashboard/node_modules/three": {
      "version": "0.178.0",
      "license": "MIT"
    },
    "10_地球仪Dashboard/node_modules/three-conic-polygon-geometry": {
      "version": "2.1.3",
      "license": "MIT",
      "dependencies": {
        "@turf/boolean-point-in-polygon": "^7.2",
        "d3-array": "1 - 3",
        "d3-geo": "1 - 3",
        "d3-geo-voronoi": "2",
        "d3-scale": "1 - 4",
        "delaunator": "5",
        "earcut": "3"
      },
      "engines": {
        "node": ">=12"
      },
      "peerDependencies": {
        "three": ">=0.72.0"
      }
    },
    "10_地球仪Dashboard/node_modules/three-geojson-geometry": {
      "version": "2.1.1",
      "license": "MIT",
      "dependencies": {
        "d3-geo": "1 - 3",
        "d3-interpolate": "1 - 3",
        "earcut": "3"
      },
      "engines": {
        "node": ">=12"
      },
      "peerDependencies": {
        "three": ">=0.72.0"
      }
    },
    "10_地球仪Dashboard/node_modules/three-globe": {
      "version": "2.45.2",
      "license": "MIT",
      "dependencies": {
        "@tweenjs/tween.js": "18 - 25",
        "accessor-fn": "1",
        "d3-array": "3",
        "d3-color": "3",
        "d3-geo": "3",
        "d3-interpolate": "3",
        "d3-scale": "4",
        "d3-scale-chromatic": "3",
        "data-bind-mapper": "1",
        "frame-ticker": "1",
        "h3-js": "4",
        "index-array-by": "1",
        "kapsule": "^1.16",
        "three-conic-polygon-geometry": "2",
        "three-geojson-geometry": "2",
        "three-slippy-map-globe": "1",
        "tinycolor2": "1"
      },
      "engines": {
        "node": ">=12"
      },
      "peerDependencies": {
        "three": ">=0.154"
      }
    },
    "10_地球仪Dashboard/node_modules/three-slippy-map-globe": {
      "version": "1.0.6",
      "license": "MIT",
      "dependencies": {
        "d3-geo": "1 - 3",
        "d3-octree": "^1.1",
        "d3-scale": "1 - 4"
      },
      "engines": {
        "node": ">=12"
      },
      "peerDependencies": {
        "three": ">=0.154"
      }
    },
    "10_地球仪Dashboard/node_modules/tinycolor2": {
      "version": "1.6.0",
      "license": "MIT"
    },
    "10_地球仪Dashboard/node_modules/tinyglobby": {
      "version": "0.2.17",
      "dev": true,
      "license": "MIT",
      "dependencies": {
        "fdir": "^6.5.0",
        "picomatch": "^4.0.4"
      },
      "engines": {
        "node": ">=12.0.0"
      },
      "funding": {
        "url": "https://github.com/sponsors/SuperchupuDev"
      }
    },
    "10_地球仪Dashboard/node_modules/topojson-client": {
      "version": "3.1.0",
      "license": "ISC",
      "dependencies": {
        "commander": "2"
      },
      "bin": {
        "topo2geo": "bin/topo2geo",
        "topomerge": "bin/topomerge",
        "topoquantize": "bin/topoquantize"
      }
    },
    "10_地球仪Dashboard/node_modules/tslib": {
      "version": "2.8.1",
      "license": "0BSD"
    },
    "10_地球仪Dashboard/node_modules/typed-query-selector": {
      "version": "2.12.2",
      "dev": true,
      "license": "MIT"
    },
    "10_地球仪Dashboard/node_modules/vite": {
      "version": "7.3.6",
      "dev": true,
      "license": "MIT",
      "dependencies": {
        "esbuild": "^0.27.0 || ^0.28.0",
        "fdir": "^6.5.0",
        "picomatch": "^4.0.3",
        "postcss": "^8.5.6",
        "rollup": "^4.43.0",
        "tinyglobby": "^0.2.15"
      },
      "bin": {
        "vite": "bin/vite.js"
      },
      "engines": {
        "node": "^20.19.0 || >=22.12.0"
      },
      "funding": {
        "url": "https://github.com/vitejs/vite?sponsor=1"
      },
      "optionalDependencies": {
        "fsevents": "~2.3.3"
      },
      "peerDependencies": {
        "@types/node": "^20.19.0 || >=22.12.0",
        "jiti": ">=1.21.0",
        "less": "^4.0.0",
        "lightningcss": "^1.21.0",
        "sass": "^1.70.0",
        "sass-embedded": "^1.70.0",
        "stylus": ">=0.54.8",
        "sugarss": "^5.0.0",
        "terser": "^5.16.0",
        "tsx": "^4.8.1",
        "yaml": "^2.4.2"
      },
      "peerDependenciesMeta": {
        "@types/node": {
          "optional": true
        },
        "jiti": {
          "optional": true
        },
        "less": {
          "optional": true
        },
        "lightningcss": {
          "optional": true
        },
        "sass": {
          "optional": true
        },
        "sass-embedded": {
          "optional": true
        },
        "stylus": {
          "optional": true
        },
        "sugarss": {
          "optional": true
        },
        "terser": {
          "optional": true
        },
        "tsx": {
          "optional": true
        },
        "yaml": {
          "optional": true
        }
      }
    },
    "10_地球仪Dashboard/node_modules/webdriver-bidi-protocol": {
      "version": "0.4.2",
      "dev": true,
      "license": "Apache-2.0"
    },
    "10_地球仪Dashboard/node_modules/world-atlas": {
      "version": "2.0.2",
      "license": "ISC"
    },
    "10_地球仪Dashboard/node_modules/wrap-ansi": {
      "version": "9.0.2",
      "dev": true,
      "license": "MIT",
      "dependencies": {
        "ansi-styles": "^6.2.1",
        "string-width": "^7.0.0",
        "strip-ansi": "^7.1.0"
      },
      "engines": {
        "node": ">=18"
      },
      "funding": {
        "url": "https://github.com/chalk/wrap-ansi?sponsor=1"
      }
    },
    "10_地球仪Dashboard/node_modules/ws": {
      "version": "8.21.1",
      "dev": true,
      "license": "MIT",
      "engines": {
        "node": ">=10.0.0"
      },
      "peerDependencies": {
        "bufferutil": "^4.0.1",
        "utf-8-validate": ">=5.0.2"
      },
      "peerDependenciesMeta": {
        "bufferutil": {
          "optional": true
        },
        "utf-8-validate": {
          "optional": true
        }
      }
    },
    "10_地球仪Dashboard/node_modules/y18n": {
      "version": "5.0.8",
      "dev": true,
      "license": "ISC",
      "engines": {
        "node": ">=10"
      }
    },
    "10_地球仪Dashboard/node_modules/yargs": {
      "version": "18.0.0",
      "dev": true,
      "license": "MIT",
      "dependencies": {
        "cliui": "^9.0.1",
        "escalade": "^3.1.1",
        "get-caller-file": "^2.0.5",
        "string-width": "^7.2.0",
        "y18n": "^5.0.5",
        "yargs-parser": "^22.0.0"
      },
      "engines": {
        "node": "^20.19.0 || ^22.12.0 || >=23"
      }
    },
    "10_地球仪Dashboard/node_modules/yargs-parser": {
      "version": "22.0.0",
      "dev": true,
      "license": "ISC",
      "engines": {
        "node": "^20.19.0 || ^22.12.0 || >=23"
      }
    },
    "10_地球仪Dashboard/node_modules/zod": {
      "version": "3.25.76",
      "dev": true,
      "license": "MIT",
      "funding": {
        "url": "https://github.com/sponsors/colinhacks"
      }
    },
    "node_modules/baiyuan-antarctic-globe": {
      "resolved": "10_地球仪Dashboard",
      "link": true
    }
  }
}
